
Microsoft Visual Studio Solution File, Format Version 12.00
# Visual Studio Version 17
VisualStudioVersion = 17.9.34526.213
MinimumVisualStudioVersion = 10.0.40219.1
Project("{FAE04EC0-301F-11D3-BF4B-00C04F79EFBC}") = "ConsoleRunner", "ConsoleRunner\ConsoleRunner.csproj", "{970D8705-95D8-49ED-8DEE-AFC385DFFFDF}"
EndProject
Global
	GlobalSection(SolutionConfigurationPlatforms) = preSolution
		Debug|Any CPU = Debug|Any CPU
		Release|Any CPU = Release|Any CPU
	EndGlobalSection
	GlobalSection(ProjectConfigurationPlatforms) = postSolution
		{970D8705-95D8-49ED-8DEE-AFC385DFFFDF}.Debug|Any CPU.ActiveCfg = Debug|Any CPU
		{970D8705-95D8-49ED-8DEE-AFC385DFFFDF}.Debug|Any CPU.Build.0 = Debug|Any CPU
		{970D8705-95D8-49ED-8DEE-AFC385DFFFDF}.Release|Any CPU.ActiveCfg = Release|Any CPU
		{970D8705-95D8-49ED-8DEE-AFC385DFFFDF}.Release|Any CPU.Build.0 = Release|Any CPU
	EndGlobalSection
	GlobalSection(SolutionProperties) = preSolution
		HideSolutionNode = FALSE
	EndGlobalSection
	GlobalSection(ExtensibilityGlobals) = postSolution
		SolutionGuid = {130372C8-8103-467C-83C0-75CDC625919D}
	EndGlobalSection
EndGlobal
